// !$*UTF8*$!
{
	archiveVersion = 1;
	classes = {
	};
	objectVersion = 46;
	objects = {

/* Begin PBXBuildFile section */
		4A4F567318BE947000BB648C /* Foundation.framework in Frameworks */ = {isa = PBXBuildFile; fileRef = 4A4F567218BE947000BB648C /* Foundation.framework */; };
		4A4F567518BE947000BB648C /* CoreGraphics.framework in Frameworks */ = {isa = PBXBuildFile; fileRef = 4A4F567418BE947000BB648C /* CoreGraphics.framework */; };
		4A4F567718BE947000BB648C /* UIKit.framework in Frameworks */ = {isa = PBXBuildFile; fileRef = 4A4F567618BE947000BB648C /* UIKit.framework */; };
		4A4F567D18BE947000BB648C /* InfoPlist.strings in Resources */ = {isa = PBXBuildFile; fileRef = 4A4F567B18BE947000BB648C /* InfoPlist.strings */; };
		4A4F567F18BE947000BB648C /* main.m in Sources */ = {isa = PBXBuildFile; fileRef = 4A4F567E18BE947000BB648C /* main.m */; };
		4A4F568318BE947000BB648C /* AppDelegate.m in Sources */ = {isa = PBXBuildFile; fileRef = 4A4F568218BE947000BB648C /* AppDelegate.m */; };
		4A4F568618BE947000BB648C /* Main.storyboard in Resources */ = {isa = PBXBuildFile; fileRef = 4A4F568418BE947000BB648C /* Main.storyboard */; };
		4A4F568918BE947000BB648C /* ViewController.m in Sources */ = {isa = PBXBuildFile; fileRef = 4A4F568818BE947000BB648C /* ViewController.m */; };
		4A4F568B18BE947000BB648C /* Images.xcassets in Resources */ = {isa = PBXBuildFile; fileRef = 4A4F568A18BE947000BB648C /* Images.xcassets */; };
		4A4F569218BE947000BB648C /* XCTest.framework in Frameworks */ = {isa = PBXBuildFile; fileRef = 4A4F569118BE947000BB648C /* XCTest.framework */; };
		4A4F569318BE947000BB648C /* Foundation.framework in Frameworks */ = {isa = PBXBuildFile; fileRef = 4A4F567218BE947000BB648C /* Foundation.framework */; };
		4A4F569418BE947000BB648C /* UIKit.framework in Frameworks */ = {isa = PBXBuildFile; fileRef = 4A4F567618BE947000BB648C /* UIKit.framework */; };
		4A4F569C18BE947000BB648C /* InfoPlist.strings in Resources */ = {isa = PBXBuildFile; fileRef = 4A4F569A18BE947000BB648C /* InfoPlist.strings */; };
		4A4F569E18BE947000BB648C /* PlayerCreationWA_GitTests.m in Sources */ = {isa = PBXBuildFile; fileRef = 4A4F569D18BE947000BB648C /* PlayerCreationWA_GitTests.m */; };
/* End PBXBuildFile section */

/* Begin PBXContainerItemProxy section */
		4A4F569518BE947000BB648C /* PBXContainerItemProxy */ = {
			isa = PBXContainerItemProxy;
			containerPortal = 4A4F566718BE947000BB648C /* Project object */;
			proxyType = 1;
			remoteGlobalIDString = 4A4F566E18BE947000BB648C;
			remoteInfo = PlayerCreationWA_Git;
		};
/* End PBXContainerItemProxy section */

/* Begin PBXFileReference section */
		4A4F566F18BE947000BB648C /* PlayerCreationWA_Git.app */ = {isa = PBXFileReference; explicitFileType = wrapper.application; includeInIndex = 0; path = PlayerCreationWA_Git.app; sourceTree = BUILT_PRODUCTS_DIR; };
		4A4F567218BE947000BB648C /* Foundation.framework */ = {isa = PBXFileReference; lastKnownFileType = wrapper.framework; name = Foundation.framework; path = System/Library/Frameworks/Foundation.framework; sourceTree = SDKROOT; };
		4A4F567418BE947000BB648C /* CoreGraphics.framework */ = {isa = PBXFileReference; lastKnownFileType = wrapper.framework; name = CoreGraphics.framework; path = System/Library/Frameworks/CoreGraphics.framework; sourceTree = SDKROOT; };
		4A4F567618BE947000BB648C /* UIKit.framework */ = {isa = PBXFileReference; lastKnownFileType = wrapper.framework; name = UIKit.framework; path = System/Library/Frameworks/UIKit.framework; sourceTree = SDKROOT; };
		4A4F567A18BE947000BB648C /* PlayerCreationWA_Git-Info.plist */ = {isa = PBXFileReference; lastKnownFileType = text.plist.xml; path = "PlayerCreationWA_Git-Info.plist"; sourceTree = "<group>"; };
		4A4F567C18BE947000BB648C /* en */ = {isa = PBXFileReference; lastKnownFileType = text.plist.strings; name = en; path = en.lproj/InfoPlist.strings; sourceTree = "<group>"; };
		4A4F567E18BE947000BB648C /* main.m */ = {isa = PBXFileReference; lastKnownFileType = sourcecode.c.objc; path = main.m; sourceTree = "<group>"; };
		4A4F568018BE947000BB648C /* PlayerCreationWA_Git-Prefix.pch */ = {isa = PBXFileReference; lastKnownFileType = sourcecode.c.h; path = "PlayerCreationWA_Git-Prefix.pch"; sourceTree = "<group>"; };
		4A4F568118BE947000BB648C /* AppDelegate.h */ = {isa = PBXFileReference; lastKnownFileType = sourcecode.c.h; path = AppDelegate.h; sourceTree = "<group>"; };
		4A4F568218BE947000BB648C /* AppDelegate.m */ = {isa = PBXFileReference; lastKnownFileType = sourcecode.c.objc; path = AppDelegate.m; sourceTree = "<group>"; };
		4A4F568518BE947000BB648C /* Base */ = {isa = PBXFileReference; lastKnownFileType = file.storyboard; name = Base; path = Base.lproj/Main.storyboard; sourceTree = "<group>"; };
		4A4F568718BE947000BB648C /* ViewController.h */ = {isa = PBXFileReference; lastKnownFileType = sourcecode.c.h; path = ViewController.h; sourceTree = "<group>"; };
		4A4F568818BE947000BB648C /* ViewController.m */ = {isa = PBXFileReference; lastKnownFileType = sourcecode.c.objc; path = ViewController.m; sourceTree = "<group>"; };
		4A4F568A18BE947000BB648C /* Images.xcassets */ = {isa = PBXFileReference; lastKnownFileType = folder.assetcatalog; path = Images.xcassets; sourceTree = "<group>"; };
		4A4F569018BE947000BB648C /* PlayerCreationWA_GitTests.xctest */ = {isa = PBXFileReference; explicitFileType = wrapper.cfbundle; includeInIndex = 0; path = PlayerCreationWA_GitTests.xctest; sourceTree = BUILT_PRODUCTS_DIR; };
		4A4F569118BE947000BB648C /* XCTest.framework */ = {isa = PBXFileReference; lastKnownFileType = wrapper.framework; name = XCTest.framework; path = Library/Frameworks/XCTest.framework; sourceTree = DEVELOPER_DIR; };
		4A4F569918BE947000BB648C /* PlayerCreationWA_GitTests-Info.plist */ = {isa = PBXFileReference; lastKnownFileType = text.plist.xml; path = "PlayerCreationWA_GitTests-Info.plist"; sourceTree = "<group>"; };
		4A4F569B18BE947000BB648C /* en */ = {isa = PBXFileReference; lastKnownFileType = text.plist.strings; name = en; path = en.lproj/InfoPlist.strings; sourceTree = "<group>"; };
		4A4F569D18BE947000BB648C /* PlayerCreationWA_GitTests.m */ = {isa = PBXFileReference; lastKnownFileType = sourcecode.c.objc; path = PlayerCreationWA_GitTests.m; sourceTree = "<group>"; };
/* End PBXFileReference section */

/* Begin PBXFrameworksBuildPhase section */
		4A4F566C18BE947000BB648C /* Frameworks */ = {
			isa = PBXFrameworksBuildPhase;
			buildActionMask = 2147483647;
			files = (
				4A4F567518BE947000BB648C /* CoreGraphics.framework in Frameworks */,
				4A4F567718BE947000BB648C /* UIKit.framework in Frameworks */,
				4A4F567318BE947000BB648C /* Foundation.framework in Frameworks */,
			);
			runOnlyForDeploymentPostprocessing = 0;
		};
		4A4F568D18BE947000BB648C /* Frameworks */ = {
			isa = PBXFrameworksBuildPhase;
			buildActionMask = 2147483647;
			files = (
				4A4F569218BE947000BB648C /* XCTest.framework in Frameworks */,
				4A4F569418BE947000BB648C /* UIKit.framework in Frameworks */,
				4A4F569318BE947000BB648C /* Foundation.framework in Frameworks */,
			);
			runOnlyForDeploymentPostprocessing = 0;
		};
/* End PBXFrameworksBuildPhase section */

/* Begin PBXGroup section */
		4A4F566618BE947000BB648C = {
			isa = PBXGroup;
			children = (
				4A4F567818BE947000BB648C /* PlayerCreationWA_Git */,
				4A4F569718BE947000BB648C /* PlayerCreationWA_GitTests */,
				4A4F567118BE947000BB648C /* Frameworks */,
				4A4F567018BE947000BB648C /* Products */,
			);
			sourceTree = "<group>";
		};
		4A4F567018BE947000BB648C /* Products */ = {
			isa = PBXGroup;
			children = (
				4A4F566F18BE947000BB648C /* PlayerCreationWA_Git.app */,
				4A4F569018BE947000BB648C /* PlayerCreationWA_GitTests.xctest */,
			);
			name = Products;
			sourceTree = "<group>";
		};
		4A4F567118BE947000BB648C /* Frameworks */ = {
			isa = PBXGroup;
			children = (
				4A4F567218BE947000BB648C /* Foundation.framework */,
				4A4F567418BE947000BB648C /* CoreGraphics.framework */,
				4A4F567618BE947000BB648C /* UIKit.framework */,
				4A4F569118BE947000BB648C /* XCTest.framework */,
			);
			name = Frameworks;
			sourceTree = "<group>";
		};
		4A4F567818BE947000BB648C /* PlayerCreationWA_Git */ = {
			isa = PBXGroup;
			children = (
				4A4F568118BE947000BB648C /* AppDelegate.h */,
				4A4F568218BE947000BB648C /* AppDelegate.m */,
				4A4F568418BE947000BB648C /* Main.storyboard */,
				4A4F568718BE947000BB648C /* ViewController.h */,
				4A4F568818BE947000BB648C /* ViewController.m */,
				4A4F568A18BE947000BB648C /* Images.xcassets */,
				4A4F567918BE947000BB648C /* Supporting Files */,
			);
			path = PlayerCreationWA_Git;
			sourceTree = "<group>";
		};
		4A4F567918BE947000BB648C /* Supporting Files */ = {
			isa = PBXGroup;
			children = (
				4A4F567A18BE947000BB648C /* PlayerCreationWA_Git-Info.plist */,
				4A4F567B18BE947000BB648C /* InfoPlist.strings */,
				4A4F567E18BE947000BB648C /* main.m */,
				4A4F568018BE947000BB648C /* PlayerCreationWA_Git-Prefix.pch */,
			);
			name = "Supporting Files";
			sourceTree = "<group>";
		};
		4A4F569718BE947000BB648C /* PlayerCreationWA_GitTests */ = {
			isa = PBXGroup;
			children = (
				4A4F569D18BE947000BB648C /* PlayerCreationWA_GitTests.m */,
				4A4F569818BE947000BB648C /* Supporting Files */,
			);
			path = PlayerCreationWA_GitTests;
			sourceTree = "<group>";
		};
		4A4F569818BE947000BB648C /* Supporting Files */ = {
			isa = PBXGroup;
			children = (
				4A4F569918BE947000BB648C /* PlayerCreationWA_GitTests-Info.plist */,
				4A4F569A18BE947000BB648C /* InfoPlist.strings */,
			);
			name = "Supporting Files";
			sourceTree = "<group>";
		};
/* End PBXGroup section */

/* Begin PBXNativeTarget section */
		4A4F566E18BE947000BB648C /* PlayerCreationWA_Git */ = {
			isa = PBXNativeTarget;
			buildConfigurationList = 4A4F56A118BE947000BB648C /* Build configuration list for PBXNativeTarget "PlayerCreationWA_Git" */;
			buildPhases = (
				4A4F566B18BE947000BB648C /* Sources */,
				4A4F566C18BE947000BB648C /* Frameworks */,
				4A4F566D18BE947000BB648C /* Resources */,
			);
			buildRules = (
			);
			dependencies = (
			);
			name = PlayerCreationWA_Git;
			productName = PlayerCreationWA_Git;
			productReference = 4A4F566F18BE947000BB648C /* PlayerCreationWA_Git.app */;
			productType = "com.apple.product-type.application";
		};
		4A4F568F18BE947000BB648C /* PlayerCreationWA_GitTests */ = {
			isa = PBXNativeTarget;
			buildConfigurationList = 4A4F56A418BE947000BB648C /* Build configuration list for PBXNativeTarget "PlayerCreationWA_GitTests" */;
			buildPhases = (
				4A4F568C18BE947000BB648C /* Sources */,
				4A4F568D18BE947000BB648C /* Frameworks */,
				4A4F568E18BE947000BB648C /* Resources */,
			);
			buildRules = (
			);
			dependencies = (
				4A4F569618BE947000BB648C /* PBXTargetDependency */,
			);
			name = PlayerCreationWA_GitTests;
			productName = PlayerCreationWA_GitTests;
			productReference = 4A4F569018BE947000BB648C /* PlayerCreationWA_GitTests.xctest */;
			productType = "com.apple.product-type.bundle.unit-test";
		};
/* End PBXNativeTarget section */

/* Begin PBXProject section */
		4A4F566718BE947000BB648C /* Project object */ = {
			isa = PBXProject;
			attributes = {
				LastUpgradeCheck = 0500;
				ORGANIZATIONNAME = "Wayland Productions";
				TargetAttributes = {
					4A4F568F18BE947000BB648C = {
						TestTargetID = 4A4F566E18BE947000BB648C;
					};
				};
			};
			buildConfigurationList = 4A4F566A18BE947000BB648C /* Build configuration list for PBXProject "PlayerCreationWA_Git" */;
			compatibilityVersion = "Xcode 3.2";
			developmentRegion = English;
			hasScannedForEncodings = 0;
			knownRegions = (
				en,
				Base,
			);
			mainGroup = 4A4F566618BE947000BB648C;
			productRefGroup = 4A4F567018BE947000BB648C /* Products */;
			projectDirPath = "";
			projectRoot = "";
			targets = (
				4A4F566E18BE947000BB648C /* PlayerCreationWA_Git */,
				4A4F568F18BE947000BB648C /* PlayerCreationWA_GitTests */,
			);
		};
/* End PBXProject section */

/* Begin PBXResourcesBuildPhase section */
		4A4F566D18BE947000BB648C /* Resources */ = {
			isa = PBXResourcesBuildPhase;
			buildActionMask = 2147483647;
			files = (
				4A4F568B18BE947000BB648C /* Images.xcassets in Resources */,
				4A4F567D18BE947000BB648C /* InfoPlist.strings in Resources */,
				4A4F568618BE947000BB648C /* Main.storyboard in Resources */,
			);
			runOnlyForDeploymentPostprocessing = 0;
		};
		4A4F568E18BE947000BB648C /* Resources */ = {
			isa = PBXResourcesBuildPhase;
			buildActionMask = 2147483647;
			files = (
				4A4F569C18BE947000BB648C /* InfoPlist.strings in Resources */,
			);
			runOnlyForDeploymentPostprocessing = 0;
		};
/* End PBXResourcesBuildPhase section */

/* Begin PBXSourcesBuildPhase section */
		4A4F566B18BE947000BB648C /* Sources */ = {
			isa = PBXSourcesBuildPhase;
			buildActionMask = 2147483647;
			files = (
				4A4F568918BE947000BB648C /* ViewController.m in Sources */,
				4A4F568318BE947000BB648C /* AppDelegate.m in Sources */,
				4A4F567F18BE947000BB648C /* main.m in Sources */,
			);
			runOnlyForDeploymentPostprocessing = 0;
		};
		4A4F568C18BE947000BB648C /* Sources */ = {
			isa = PBXSourcesBuildPhase;
			buildActionMask = 2147483647;
			files = (
				4A4F569E18BE947000BB648C /* PlayerCreationWA_GitTests.m in Sources */,
			);
			runOnlyForDeploymentPostprocessing = 0;
		};
/* End PBXSourcesBuildPhase section */

/* Begin PBXTargetDependency section */
		4A4F569618BE947000BB648C /* PBXTargetDependency */ = {
			isa = PBXTargetDependency;
			target = 4A4F566E18BE947000BB648C /* PlayerCreationWA_Git */;
			targetProxy = 4A4F569518BE947000BB648C /* PBXContainerItemProxy */;
		};
/* End PBXTargetDependency section */

/* Begin PBXVariantGroup section */
		4A4F567B18BE947000BB648C /* InfoPlist.strings */ = {
			isa = PBXVariantGroup;
			children = (
				4A4F567C18BE947000BB648C /* en */,
			);
			name = InfoPlist.strings;
			sourceTree = "<group>";
		};
		4A4F568418BE947000BB648C /* Main.storyboard */ = {
			isa = PBXVariantGroup;
			children = (
				4A4F568518BE947000BB648C /* Base */,
			);
			name = Main.storyboard;
			sourceTree = "<group>";
		};
		4A4F569A18BE947000BB648C /* InfoPlist.strings */ = {
			isa = PBXVariantGroup;
			children = (
				4A4F569B18BE947000BB648C /* en */,
			);
			name = InfoPlist.strings;
			sourceTree = "<group>";
		};
/* End PBXVariantGroup section */

/* Begin XCBuildConfiguration section */
		4A4F569F18BE947000BB648C /* Debug */ = {
			isa = XCBuildConfiguration;
			buildSettings = {
				ALWAYS_SEARCH_USER_PATHS = NO;
				ARCHS = "$(ARCHS_STANDARD_INCLUDING_64_BIT)";
				CLANG_CXX_LANGUAGE_STANDARD = "gnu++0x";
				CLANG_CXX_LIBRARY = "libc++";
				CLANG_ENABLE_MODULES = YES;
				CLANG_ENABLE_OBJC_ARC = YES;
				CLANG_WARN_BOOL_CONVERSION = YES;
				CLANG_WARN_CONSTANT_CONVERSION = YES;
				CLANG_WARN_DIRECT_OBJC_ISA_USAGE = YES_ERROR;
				CLANG_WARN_EMPTY_BODY = YES;
				CLANG_WARN_ENUM_CONVERSION = YES;
				CLANG_WARN_INT_CONVERSION = YES;
				CLANG_WARN_OBJC_ROOT_CLASS = YES_ERROR;
				CLANG_WARN__DUPLICATE_METHOD_MATCH = YES;
				"CODE_SIGN_IDENTITY[sdk=iphoneos*]" = "iPhone Developer";
				COPY_PHASE_STRIP = NO;
				GCC_C_LANGUAGE_STANDARD = gnu99;
				GCC_DYNAMIC_NO_PIC = NO;
				GCC_OPTIMIZATION_LEVEL = 0;
				GCC_PREPROCESSOR_DEFINITIONS = (
					"DEBUG=1",
					"$(inherited)",
				);
				GCC_SYMBOLS_PRIVATE_EXTERN = NO;
				GCC_WARN_64_TO_32_BIT_CONVERSION = YES;
				GCC_WARN_ABOUT_RETURN_TYPE = YES_ERROR;
				GCC_WARN_UNDECLARED_SELECTOR = YES;
				GCC_WARN_UNINITIALIZED_AUTOS = YES;
				GCC_WARN_UNUSED_FUNCTION = YES;
				GCC_WARN_UNUSED_VARIABLE = YES;
				IPHONEOS_DEPLOYMENT_TARGET = 7.0;
				ONLY_ACTIVE_ARCH = YES;
				SDKROOT = iphoneos;
			};
			name = Debug;
		};
		4A4F56A018BE947000BB648C /* Release */ = {
			isa = XCBuildConfiguration;
			buildSettings = {
				ALWAYS_SEARCH_USER_PATHS = NO;
				ARCHS = "$(ARCHS_STANDARD_INCLUDING_64_BIT)";
				CLANG_CXX_LANGUAGE_STANDARD = "gnu++0x";
				CLANG_CXX_LIBRARY = "libc++";
				CLANG_ENABLE_MODULES = YES;
				CLANG_ENABLE_OBJC_ARC = YES;
				CLANG_WARN_BOOL_CONVERSION = YES;
				CLANG_WARN_CONSTANT_CONVERSION = YES;
				CLANG_WARN_DIRECT_OBJC_ISA_USAGE = YES_ERROR;
				CLANG_WARN_EMPTY_BODY = YES;
				CLANG_WARN_ENUM_CONVERSION = YES;
				CLANG_WARN_INT_CONVERSION = YES;
				CLANG_WARN_OBJC_ROOT_CLASS = YES_ERROR;
				CLANG_WARN__DUPLICATE_METHOD_MATCH = YES;
				"CODE_SIGN_IDENTITY[sdk=iphoneos*]" = "iPhone Developer";
				COPY_PHASE_STRIP = YES;
				ENABLE_NS_ASSERTIONS = NO;
				GCC_C_LANGUAGE_STANDARD = gnu99;
				GCC_WARN_64_TO_32_BIT_CONVERSION = YES;
				GCC_WARN_ABOUT_RETURN_TYPE = YES_ERROR;
				GCC_WARN_UNDECLARED_SELECTOR = YES;
				GCC_WARN_UNINITIALIZED_AUTOS = YES;
				GCC_WARN_UNUSED_FUNCTION = YES;
				GCC_WARN_UNUSED_VARIABLE = YES;
				IPHONEOS_DEPLOYMENT_TARGET = 7.0;
				SDKROOT = iphoneos;
				VALIDATE_PRODUCT = YES;
			};
			name = Release;
		};
		4A4F56A218BE947000BB648C /* Debug */ = {
			isa = XCBuildConfiguration;
			buildSettings = {
				ASSETCATALOG_COMPILER_APPICON_NAME = AppIcon;
				ASSETCATALOG_COMPILER_LAUNCHIMAGE_NAME = LaunchImage;
				GCC_PRECOMPILE_PREFIX_HEADER = YES;
				GCC_PREFIX_HEADER = "PlayerCreationWA_Git/PlayerCreationWA_Git-Prefix.pch";
				INFOPLIST_FILE = "PlayerCreationWA_Git/PlayerCreationWA_Git-Info.plist";
				PRODUCT_NAME = "$(TARGET_NAME)";
				WRAPPER_EXTENSION = app;
			};
			name = Debug;
		};
		4A4F56A318BE947000BB648C /* Release */ = {
			isa = XCBuildConfiguration;
			buildSettings = {
				ASSETCATALOG_COMPILER_APPICON_NAME = AppIcon;
				ASSETCATALOG_COMPILER_LAUNCHIMAGE_NAME = LaunchImage;
				GCC_PRECOMPILE_PREFIX_HEADER = YES;
				GCC_PREFIX_HEADER = "PlayerCreationWA_Git/PlayerCreationWA_Git-Prefix.pch";
				INFOPLIST_FILE = "PlayerCreationWA_Git/PlayerCreationWA_Git-Info.plist";
				PRODUCT_NAME = "$(TARGET_NAME)";
				WRAPPER_EXTENSION = app;
			};
			name = Release;
		};
		4A4F56A518BE947000BB648C /* Debug */ = {
			isa = XCBuildConfiguration;
			buildSettings = {
				ARCHS = "$(ARCHS_STANDARD_INCLUDING_64_BIT)";
				BUNDLE_LOADER = "$(BUILT_PRODUCTS_DIR)/PlayerCreationWA_Git.app/PlayerCreationWA_Git";
				FRAMEWORK_SEARCH_PATHS = (
					"$(SDKROOT)/Developer/Library/Frameworks",
					"$(inherited)",
					"$(DEVELOPER_FRAMEWORKS_DIR)",
				);
				GCC_PRECOMPILE_PREFIX_HEADER = YES;
				GCC_PREFIX_HEADER = "PlayerCreationWA_Git/PlayerCreationWA_Git-Prefix.pch";
				GCC_PREPROCESSOR_DEFINITIONS = (
					"DEBUG=1",
					"$(inherited)",
				);
				INFOPLIST_FILE = "PlayerCreationWA_GitTests/PlayerCreationWA_GitTests-Info.plist";
				PRODUCT_NAME = "$(TARGET_NAME)";
				TEST_HOST = "$(BUNDLE_LOADER)";
				WRAPPER_EXTENSION = xctest;
			};
			name = Debug;
		};
		4A4F56A618BE947000BB648C /* Release */ = {
			isa = XCBuildConfiguration;
			buildSettings = {
				ARCHS = "$(ARCHS_STANDARD_INCLUDING_64_BIT)";
				BUNDLE_LOADER = "$(BUILT_PRODUCTS_DIR)/PlayerCreationWA_Git.app/PlayerCreationWA_Git";
				FRAMEWORK_SEARCH_PATHS = (
					"$(SDKROOT)/Developer/Library/Frameworks",
					"$(inherited)",
					"$(DEVELOPER_FRAMEWORKS_DIR)",
				);
				GCC_PRECOMPILE_PREFIX_HEADER = YES;
				GCC_PREFIX_HEADER = "PlayerCreationWA_Git/PlayerCreationWA_Git-Prefix.pch";
				INFOPLIST_FILE = "PlayerCreationWA_GitTests/PlayerCreationWA_GitTests-Info.plist";
				PRODUCT_NAME = "$(TARGET_NAME)";
				TEST_HOST = "$(BUNDLE_LOADER)";
				WRAPPER_EXTENSION = xctest;
			};
			name = Release;
		};
/* End XCBuildConfiguration section */

/* Begin XCConfigurationList section */
		4A4F566A18BE947000BB648C /* Build configuration list for PBXProject "PlayerCreationWA_Git" */ = {
			isa = XCConfigurationList;
			buildConfigurations = (
				4A4F569F18BE947000BB648C /* Debug */,
				4A4F56A018BE947000BB648C /* Release */,
			);
			defaultConfigurationIsVisible = 0;
			defaultConfigurationName = Release;
		};
		4A4F56A118BE947000BB648C /* Build configuration list for PBXNativeTarget "PlayerCreationWA_Git" */ = {
			isa = XCConfigurationList;
			buildConfigurations = (
				4A4F56A218BE947000BB648C /* Debug */,
				4A4F56A318BE947000BB648C /* Release */,
			);
			defaultConfigurationIsVisible = 0;
		};
		4A4F56A418BE947000BB648C /* Build configuration list for PBXNativeTarget "PlayerCreationWA_GitTests" */ = {
			isa = XCConfigurationList;
			buildConfigurations = (
				4A4F56A518BE947000BB648C /* Debug */,
				4A4F56A618BE947000BB648C /* Release */,
			);
			defaultConfigurationIsVisible = 0;
		};
/* End XCConfigurationList section */
	};
	rootObject = 4A4F566718BE947000BB648C /* Project object */;
}
